
Microsoft Visual Studio Solution File, Format Version 12.00
# Visual Studio Version 16
VisualStudioVersion = 16.0.32228.343
MinimumVisualStudioVersion = 10.0.40219.1
Project("{8BC9CEB8-8B4A-11D0-8D11-00A0C91BC942}") = "cl_dll", "..\..\cl_dll\cl_dll.vcxproj", "{B946D898-E02C-4981-A0AF-1FCEEBB3AAF3}"
EndProject
Project("{8BC9CEB8-8B4A-11D0-8D11-00A0C91BC942}") = "hl", "..\..\dlls\hl.vcxproj", "{C64CF738-18DB-4046-9B44-1BA3FE35FFBE}"
EndProject
Project("{8BC9CEB8-8B4A-11D0-8D11-00A0C91BC942}") = "engine", "..\..\..\H.L.A.M. DX Edition\Xash3D\xash_build4344_src\engine\engine.vcxproj", "{5D15BA82-A8C2-4DA6-844D-81DE5242045C}"
EndProject
Global
	GlobalSection(SolutionConfigurationPlatforms) = preSolution
		Debug|x86 = Debug|x86
		Profile|x86 = Profile|x86
		Release|x86 = Release|x86
		Template|x86 = Template|x86
	EndGlobalSection
	GlobalSection(ProjectConfigurationPlatforms) = postSolution
		{B946D898-E02C-4981-A0AF-1FCEEBB3AAF3}.Debug|x86.ActiveCfg = Debug|Win32
		{B946D898-E02C-4981-A0AF-1FCEEBB3AAF3}.Debug|x86.Build.0 = Debug|Win32
		{B946D898-E02C-4981-A0AF-1FCEEBB3AAF3}.Profile|x86.ActiveCfg = Debug|Win32
		{B946D898-E02C-4981-A0AF-1FCEEBB3AAF3}.Profile|x86.Build.0 = Debug|Win32
		{B946D898-E02C-4981-A0AF-1FCEEBB3AAF3}.Release|x86.ActiveCfg = Release|Win32
		{B946D898-E02C-4981-A0AF-1FCEEBB3AAF3}.Release|x86.Build.0 = Release|Win32
		{B946D898-E02C-4981-A0AF-1FCEEBB3AAF3}.Template|x86.ActiveCfg = Debug|Win32
		{B946D898-E02C-4981-A0AF-1FCEEBB3AAF3}.Template|x86.Build.0 = Debug|Win32
		{C64CF738-18DB-4046-9B44-1BA3FE35FFBE}.Debug|x86.ActiveCfg = Debug|Win32
		{C64CF738-18DB-4046-9B44-1BA3FE35FFBE}.Debug|x86.Build.0 = Debug|Win32
		{C64CF738-18DB-4046-9B44-1BA3FE35FFBE}.Profile|x86.ActiveCfg = Profile|Win32
		{C64CF738-18DB-4046-9B44-1BA3FE35FFBE}.Profile|x86.Build.0 = Profile|Win32
		{C64CF738-18DB-4046-9B44-1BA3FE35FFBE}.Release|x86.ActiveCfg = Release|Win32
		{C64CF738-18DB-4046-9B44-1BA3FE35FFBE}.Release|x86.Build.0 = Release|Win32
		{C64CF738-18DB-4046-9B44-1BA3FE35FFBE}.Template|x86.ActiveCfg = Template|Win32
		{C64CF738-18DB-4046-9B44-1BA3FE35FFBE}.Template|x86.Build.0 = Template|Win32
		{5D15BA82-A8C2-4DA6-844D-81DE5242045C}.Debug|x86.ActiveCfg = Debug|Win32
		{5D15BA82-A8C2-4DA6-844D-81DE5242045C}.Debug|x86.Build.0 = Debug|Win32
		{5D15BA82-A8C2-4DA6-844D-81DE5242045C}.Profile|x86.ActiveCfg = Debug|Win32
		{5D15BA82-A8C2-4DA6-844D-81DE5242045C}.Profile|x86.Build.0 = Debug|Win32
		{5D15BA82-A8C2-4DA6-844D-81DE5242045C}.Release|x86.ActiveCfg = Release|Win32
		{5D15BA82-A8C2-4DA6-844D-81DE5242045C}.Release|x86.Build.0 = Release|Win32
		{5D15BA82-A8C2-4DA6-844D-81DE5242045C}.Template|x86.ActiveCfg = Template|Win32
		{5D15BA82-A8C2-4DA6-844D-81DE5242045C}.Template|x86.Build.0 = Template|Win32
	EndGlobalSection
	GlobalSection(SolutionProperties) = preSolution
		HideSolutionNode = FALSE
	EndGlobalSection
	GlobalSection(ExtensibilityGlobals) = postSolution
		SolutionGuid = {12925836-D091-4C74-A0F5-DECB009C592B}
	EndGlobalSection
EndGlobal
